<?xml version="1.0" encoding="utf-8"?>
<Project ToolsVersion="4.0" xmlns="http://schemas.microsoft.com/developer/msbuild/2003">
  <ItemGroup>
    <ClCompile Include="..\Classes\Database.cpp">
      <Filter>源文件</Filter>
    </ClCompile>
    <ClCompile Include="..\Classes\httpMessage.cpp">
      <Filter>源文件</Filter>
    </ClCompile>
    <ClCompile Include="..\Classes\logic.cpp">
      <Filter>源文件</Filter>
    </ClCompile>
    <ClCompile Include="..\Classes\main.cpp">
      <Filter>源文件</Filter>
    </ClCompile>
    <ClCompile Include="..\Classes\socket.cpp">
      <Filter>源文件</Filter>
    </ClCompile>
    <ClCompile Include="..\Classes\util.cpp">
      <Filter>源文件</Filter>
    </ClCompile>
  </ItemGroup>
  <ItemGroup>
    <ClInclude Include="..\Classes\Database.h">
      <Filter>头文件</Filter>
    </ClInclude>
    <ClInclude Include="..\Classes\httpMessage.h">
      <Filter>头文件</Filter>
    </ClInclude>
    <ClInclude Include="..\Classes\IdataBase.h">
      <Filter>头文件</Filter>
    </ClInclude>
    <ClInclude Include="..\Classes\logic.h">
      <Filter>头文件</Filter>
    </ClInclude>
    <ClInclude Include="..\Classes\MessageHandle.hpp">
      <Filter>头文件</Filter>
    </ClInclude>
    <ClInclude Include="..\Classes\socket.h">
      <Filter>头文件</Filter>
    </ClInclude>
    <ClInclude Include="..\Classes\util.h">
      <Filter>头文件</Filter>
    </ClInclude>
  </ItemGroup>
  <ItemGroup>
    <Filter Include="源文件">
      <UniqueIdentifier>{99b969e4-d39f-4e91-bb31-912b74fe712f}</UniqueIdentifier>
    </Filter>
    <Filter Include="头文件">
      <UniqueIdentifier>{01e9a351-2aff-4064-9f48-11ebfb89483c}</UniqueIdentifier>
    </Filter>
  </ItemGroup>
</Project>